
Microsoft Visual Studio Solution File, Format Version 12.00
# Visual Studio Version 17
VisualStudioVersion = 17.2.32630.192
MinimumVisualStudioVersion = 10.0.40219.1
Project("{9A19103F-16F7-4668-BE54-9A1E7A4F7556}") = "SportsStore", "SportsStore\SportsStore.csproj", "{697BE779-D9A2-4848-8E12-DC1A7F81DD5E}"
EndProject
Project("{9A19103F-16F7-4668-BE54-9A1E7A4F7556}") = "SportsStore.Tests", "SportsStore.Tests\SportsStore.Tests.csproj", "{68D05027-637B-439F-B5A7-57BCF628BD8B}"
EndProject
Global
	GlobalSection(SolutionConfigurationPlatforms) = preSolution
		Debug|Any CPU = Debug|Any CPU
		Release|Any CPU = Release|Any CPU
	EndGlobalSection
	GlobalSection(ProjectConfigurationPlatforms) = postSolution
		{697BE779-D9A2-4848-8E12-DC1A7F81DD5E}.Debug|Any CPU.ActiveCfg = Debug|Any CPU
		{697BE779-D9A2-4848-8E12-DC1A7F81DD5E}.Debug|Any CPU.Build.0 = Debug|Any CPU
		{697BE779-D9A2-4848-8E12-DC1A7F81DD5E}.Release|Any CPU.ActiveCfg = Release|Any CPU
		{697BE779-D9A2-4848-8E12-DC1A7F81DD5E}.Release|Any CPU.Build.0 = Release|Any CPU
		{68D05027-637B-439F-B5A7-57BCF628BD8B}.Debug|Any CPU.ActiveCfg = Debug|Any CPU
		{68D05027-637B-439F-B5A7-57BCF628BD8B}.Debug|Any CPU.Build.0 = Debug|Any CPU
		{68D05027-637B-439F-B5A7-57BCF628BD8B}.Release|Any CPU.ActiveCfg = Release|Any CPU
		{68D05027-637B-439F-B5A7-57BCF628BD8B}.Release|Any CPU.Build.0 = Release|Any CPU
	EndGlobalSection
	GlobalSection(SolutionProperties) = preSolution
		HideSolutionNode = FALSE
	EndGlobalSection
	GlobalSection(ExtensibilityGlobals) = postSolution
		SolutionGuid = {7F32C194-1771-479A-A11C-C16D16AA6C42}
	EndGlobalSection
EndGlobal
